// !$*UTF8*$!
{
	archiveVersion = 1;
	classes = {
	};
	objectVersion = 56;
	objects = {

/* Begin PBXBuildFile section */
		E76791D32BFA0913003DC1E1 /* Assignment_SolutionApp.swift in Sources */ = {isa = PBXBuildFile; fileRef = E76791D22BFA0913003DC1E1 /* Assignment_SolutionApp.swift */; };
		E76791D72BFA0915003DC1E1 /* Assets.xcassets in Resources */ = {isa = PBXBuildFile; fileRef = E76791D62BFA0915003DC1E1 /* Assets.xcassets */; };
		E76791DA2BFA0915003DC1E1 /* Preview Assets.xcassets in Resources */ = {isa = PBXBuildFile; fileRef = E76791D92BFA0915003DC1E1 /* Preview Assets.xcassets */; };
		E76791E42BFA0915003DC1E1 /* Assignment_SolutionTests.swift in Sources */ = {isa = PBXBuildFile; fileRef = E76791E32BFA0915003DC1E1 /* Assignment_SolutionTests.swift */; };
		E76791EE2BFA0915003DC1E1 /* Assignment_SolutionUITests.swift in Sources */ = {isa = PBXBuildFile; fileRef = E76791ED2BFA0915003DC1E1 /* Assignment_SolutionUITests.swift */; };
		E76791F02BFA0915003DC1E1 /* Assignment_SolutionUITestsLaunchTests.swift in Sources */ = {isa = PBXBuildFile; fileRef = E76791EF2BFA0915003DC1E1 /* Assignment_SolutionUITestsLaunchTests.swift */; };
		E76791FD2BFA0946003DC1E1 /* UserModel.swift in Sources */ = {isa = PBXBuildFile; fileRef = E76791FC2BFA0946003DC1E1 /* UserModel.swift */; };
		E76791FF2BFA0999003DC1E1 /* UserDefaults.swift in Sources */ = {isa = PBXBuildFile; fileRef = E76791FE2BFA0999003DC1E1 /* UserDefaults.swift */; };
		E76792012BFA09B4003DC1E1 /* LoginView.swift in Sources */ = {isa = PBXBuildFile; fileRef = E76792002BFA09B4003DC1E1 /* LoginView.swift */; };
		E76792032BFA09D8003DC1E1 /* SignupView.swift in Sources */ = {isa = PBXBuildFile; fileRef = E76792022BFA09D8003DC1E1 /* SignupView.swift */; };
		E76792072BFA0ED6003DC1E1 /* EncryptionHelper.swift in Sources */ = {isa = PBXBuildFile; fileRef = E76792062BFA0ED6003DC1E1 /* EncryptionHelper.swift */; };
		E76792092BFA108A003DC1E1 /* KeychainHelper.swift in Sources */ = {isa = PBXBuildFile; fileRef = E76792082BFA108A003DC1E1 /* KeychainHelper.swift */; };
		E767920B2BFA1656003DC1E1 /* MainView.swift in Sources */ = {isa = PBXBuildFile; fileRef = E767920A2BFA1656003DC1E1 /* MainView.swift */; };
		E767920E2BFA19B0003DC1E1 /* Note.swift in Sources */ = {isa = PBXBuildFile; fileRef = E767920D2BFA19B0003DC1E1 /* Note.swift */; };
		E76792102BFA1A1A003DC1E1 /* NoteDetailView.swift in Sources */ = {isa = PBXBuildFile; fileRef = E767920F2BFA1A1A003DC1E1 /* NoteDetailView.swift */; };
		E76792122BFA1A36003DC1E1 /* AddNoteView.swift in Sources */ = {isa = PBXBuildFile; fileRef = E76792112BFA1A36003DC1E1 /* AddNoteView.swift */; };
		E76792142BFA1A49003DC1E1 /* ImagePicker.swift in Sources */ = {isa = PBXBuildFile; fileRef = E76792132BFA1A49003DC1E1 /* ImagePicker.swift */; };
		E767921A2BFA8AC5003DC1E1 /* NoteListView.swift in Sources */ = {isa = PBXBuildFile; fileRef = E76792192BFA8AC5003DC1E1 /* NoteListView.swift */; };
		E767921C2BFA8D2F003DC1E1 /* CameraPicker.swift in Sources */ = {isa = PBXBuildFile; fileRef = E767921B2BFA8D2F003DC1E1 /* CameraPicker.swift */; };
/* End PBXBuildFile section */

/* Begin PBXContainerItemProxy section */
		E76791E02BFA0915003DC1E1 /* PBXContainerItemProxy */ = {
			isa = PBXContainerItemProxy;
			containerPortal = E76791C72BFA0913003DC1E1 /* Project object */;
			proxyType = 1;
			remoteGlobalIDString = E76791CE2BFA0913003DC1E1;
			remoteInfo = "Assignment Solution";
		};
		E76791EA2BFA0915003DC1E1 /* PBXContainerItemProxy */ = {
			isa = PBXContainerItemProxy;
			containerPortal = E76791C72BFA0913003DC1E1 /* Project object */;
			proxyType = 1;
			remoteGlobalIDString = E76791CE2BFA0913003DC1E1;
			remoteInfo = "Assignment Solution";
		};
/* End PBXContainerItemProxy section */

/* Begin PBXFileReference section */
		E76791CF2BFA0913003DC1E1 /* Assignment Solution.app */ = {isa = PBXFileReference; explicitFileType = wrapper.application; includeInIndex = 0; path = "Assignment Solution.app"; sourceTree = BUILT_PRODUCTS_DIR; };
		E76791D22BFA0913003DC1E1 /* Assignment_SolutionApp.swift */ = {isa = PBXFileReference; lastKnownFileType = sourcecode.swift; path = Assignment_SolutionApp.swift; sourceTree = "<group>"; };
		E76791D62BFA0915003DC1E1 /* Assets.xcassets */ = {isa = PBXFileReference; lastKnownFileType = folder.assetcatalog; path = Assets.xcassets; sourceTree = "<group>"; };
		E76791D92BFA0915003DC1E1 /* Preview Assets.xcassets */ = {isa = PBXFileReference; lastKnownFileType = folder.assetcatalog; path = "Preview Assets.xcassets"; sourceTree = "<group>"; };
		E76791DF2BFA0915003DC1E1 /* Assignment SolutionTests.xctest */ = {isa = PBXFileReference; explicitFileType = wrapper.cfbundle; includeInIndex = 0; path = "Assignment SolutionTests.xctest"; sourceTree = BUILT_PRODUCTS_DIR; };
		E76791E32BFA0915003DC1E1 /* Assignment_SolutionTests.swift */ = {isa = PBXFileReference; lastKnownFileType = sourcecode.swift; path = Assignment_SolutionTests.swift; sourceTree = "<group>"; };
		E76791E92BFA0915003DC1E1 /* Assignment SolutionUITests.xctest */ = {isa = PBXFileReference; explicitFileType = wrapper.cfbundle; includeInIndex = 0; path = "Assignment SolutionUITests.xctest"; sourceTree = BUILT_PRODUCTS_DIR; };
		E76791ED2BFA0915003DC1E1 /* Assignment_SolutionUITests.swift */ = {isa = PBXFileReference; lastKnownFileType = sourcecode.swift; path = Assignment_SolutionUITests.swift; sourceTree = "<group>"; };
		E76791EF2BFA0915003DC1E1 /* Assignment_SolutionUITestsLaunchTests.swift */ = {isa = PBXFileReference; lastKnownFileType = sourcecode.swift; path = Assignment_SolutionUITestsLaunchTests.swift; sourceTree = "<group>"; };
		E76791FC2BFA0946003DC1E1 /* UserModel.swift */ = {isa = PBXFileReference; lastKnownFileType = sourcecode.swift; path = UserModel.swift; sourceTree = "<group>"; };
		E76791FE2BFA0999003DC1E1 /* UserDefaults.swift */ = {isa = PBXFileReference; lastKnownFileType = sourcecode.swift; path = UserDefaults.swift; sourceTree = "<group>"; };
		E76792002BFA09B4003DC1E1 /* LoginView.swift */ = {isa = PBXFileReference; lastKnownFileType = sourcecode.swift; path = LoginView.swift; sourceTree = "<group>"; };
		E76792022BFA09D8003DC1E1 /* SignupView.swift */ = {isa = PBXFileReference; lastKnownFileType = sourcecode.swift; path = SignupView.swift; sourceTree = "<group>"; };
		E76792062BFA0ED6003DC1E1 /* EncryptionHelper.swift */ = {isa = PBXFileReference; lastKnownFileType = sourcecode.swift; path = EncryptionHelper.swift; sourceTree = "<group>"; };
		E76792082BFA108A003DC1E1 /* KeychainHelper.swift */ = {isa = PBXFileReference; lastKnownFileType = sourcecode.swift; path = KeychainHelper.swift; sourceTree = "<group>"; };
		E767920A2BFA1656003DC1E1 /* MainView.swift */ = {isa = PBXFileReference; lastKnownFileType = sourcecode.swift; path = MainView.swift; sourceTree = "<group>"; };
		E767920D2BFA19B0003DC1E1 /* Note.swift */ = {isa = PBXFileReference; lastKnownFileType = sourcecode.swift; path = Note.swift; sourceTree = "<group>"; };
		E767920F2BFA1A1A003DC1E1 /* NoteDetailView.swift */ = {isa = PBXFileReference; lastKnownFileType = sourcecode.swift; path = NoteDetailView.swift; sourceTree = "<group>"; };
		E76792112BFA1A36003DC1E1 /* AddNoteView.swift */ = {isa = PBXFileReference; lastKnownFileType = sourcecode.swift; path = AddNoteView.swift; sourceTree = "<group>"; };
		E76792132BFA1A49003DC1E1 /* ImagePicker.swift */ = {isa = PBXFileReference; lastKnownFileType = sourcecode.swift; path = ImagePicker.swift; sourceTree = "<group>"; };
		E76792192BFA8AC5003DC1E1 /* NoteListView.swift */ = {isa = PBXFileReference; lastKnownFileType = sourcecode.swift; path = NoteListView.swift; sourceTree = "<group>"; };
		E767921B2BFA8D2F003DC1E1 /* CameraPicker.swift */ = {isa = PBXFileReference; lastKnownFileType = sourcecode.swift; path = CameraPicker.swift; sourceTree = "<group>"; };
/* End PBXFileReference section */

/* Begin PBXFrameworksBuildPhase section */
		E76791CC2BFA0913003DC1E1 /* Frameworks */ = {
			isa = PBXFrameworksBuildPhase;
			buildActionMask = 2147483647;
			files = (
			);
			runOnlyForDeploymentPostprocessing = 0;
		};
		E76791DC2BFA0915003DC1E1 /* Frameworks */ = {
			isa = PBXFrameworksBuildPhase;
			buildActionMask = 2147483647;
			files = (
			);
			runOnlyForDeploymentPostprocessing = 0;
		};
		E76791E62BFA0915003DC1E1 /* Frameworks */ = {
			isa = PBXFrameworksBuildPhase;
			buildActionMask = 2147483647;
			files = (
			);
			runOnlyForDeploymentPostprocessing = 0;
		};
/* End PBXFrameworksBuildPhase section */

/* Begin PBXGroup section */
		E76791C62BFA0913003DC1E1 = {
			isa = PBXGroup;
			children = (
				E76791D12BFA0913003DC1E1 /* Assignment Solution */,
				E76791E22BFA0915003DC1E1 /* Assignment SolutionTests */,
				E76791EC2BFA0915003DC1E1 /* Assignment SolutionUITests */,
				E76791D02BFA0913003DC1E1 /* Products */,
			);
			sourceTree = "<group>";
		};
		E76791D02BFA0913003DC1E1 /* Products */ = {
			isa = PBXGroup;
			children = (
				E76791CF2BFA0913003DC1E1 /* Assignment Solution.app */,
				E76791DF2BFA0915003DC1E1 /* Assignment SolutionTests.xctest */,
				E76791E92BFA0915003DC1E1 /* Assignment SolutionUITests.xctest */,
			);
			name = Products;
			sourceTree = "<group>";
		};
		E76791D12BFA0913003DC1E1 /* Assignment Solution */ = {
			isa = PBXGroup;
			children = (
				E76792182BFA2ACB003DC1E1 /* Other */,
				E76792172BFA2AAC003DC1E1 /* Helpers */,
				E76792162BFA2A89003DC1E1 /* Notes */,
				E76792152BFA2A56003DC1E1 /* Authentication */,
				E76791D22BFA0913003DC1E1 /* Assignment_SolutionApp.swift */,
				E767920A2BFA1656003DC1E1 /* MainView.swift */,
				E76791FE2BFA0999003DC1E1 /* UserDefaults.swift */,
				E76791D62BFA0915003DC1E1 /* Assets.xcassets */,
				E76791D82BFA0915003DC1E1 /* Preview Content */,
			);
			path = "Assignment Solution";
			sourceTree = "<group>";
		};
		E76791D82BFA0915003DC1E1 /* Preview Content */ = {
			isa = PBXGroup;
			children = (
				E76791D92BFA0915003DC1E1 /* Preview Assets.xcassets */,
			);
			path = "Preview Content";
			sourceTree = "<group>";
		};
		E76791E22BFA0915003DC1E1 /* Assignment SolutionTests */ = {
			isa = PBXGroup;
			children = (
				E76791E32BFA0915003DC1E1 /* Assignment_SolutionTests.swift */,
			);
			path = "Assignment SolutionTests";
			sourceTree = "<group>";
		};
		E76791EC2BFA0915003DC1E1 /* Assignment SolutionUITests */ = {
			isa = PBXGroup;
			children = (
				E76791ED2BFA0915003DC1E1 /* Assignment_SolutionUITests.swift */,
				E76791EF2BFA0915003DC1E1 /* Assignment_SolutionUITestsLaunchTests.swift */,
			);
			path = "Assignment SolutionUITests";
			sourceTree = "<group>";
		};
		E76792152BFA2A56003DC1E1 /* Authentication */ = {
			isa = PBXGroup;
			children = (
				E76792002BFA09B4003DC1E1 /* LoginView.swift */,
				E76792022BFA09D8003DC1E1 /* SignupView.swift */,
				E76791FC2BFA0946003DC1E1 /* UserModel.swift */,
			);
			path = Authentication;
			sourceTree = "<group>";
		};
		E76792162BFA2A89003DC1E1 /* Notes */ = {
			isa = PBXGroup;
			children = (
				E767920D2BFA19B0003DC1E1 /* Note.swift */,
				E76792112BFA1A36003DC1E1 /* AddNoteView.swift */,
				E767920F2BFA1A1A003DC1E1 /* NoteDetailView.swift */,
				E76792192BFA8AC5003DC1E1 /* NoteListView.swift */,
			);
			path = Notes;
			sourceTree = "<group>";
		};
		E76792172BFA2AAC003DC1E1 /* Helpers */ = {
			isa = PBXGroup;
			children = (
				E76792082BFA108A003DC1E1 /* KeychainHelper.swift */,
				E76792062BFA0ED6003DC1E1 /* EncryptionHelper.swift */,
			);
			path = Helpers;
			sourceTree = "<group>";
		};
		E76792182BFA2ACB003DC1E1 /* Other */ = {
			isa = PBXGroup;
			children = (
				E76792132BFA1A49003DC1E1 /* ImagePicker.swift */,
				E767921B2BFA8D2F003DC1E1 /* CameraPicker.swift */,
			);
			path = Other;
			sourceTree = "<group>";
		};
/* End PBXGroup section */

/* Begin PBXNativeTarget section */
		E76791CE2BFA0913003DC1E1 /* Assignment Solution */ = {
			isa = PBXNativeTarget;
			buildConfigurationList = E76791F32BFA0915003DC1E1 /* Build configuration list for PBXNativeTarget "Assignment Solution" */;
			buildPhases = (
				E76791CB2BFA0913003DC1E1 /* Sources */,
				E76791CC2BFA0913003DC1E1 /* Frameworks */,
				E76791CD2BFA0913003DC1E1 /* Resources */,
			);
			buildRules = (
			);
			dependencies = (
			);
			name = "Assignment Solution";
			productName = "Assignment Solution";
			productReference = E76791CF2BFA0913003DC1E1 /* Assignment Solution.app */;
			productType = "com.apple.product-type.application";
		};
		E76791DE2BFA0915003DC1E1 /* Assignment SolutionTests */ = {
			isa = PBXNativeTarget;
			buildConfigurationList = E76791F62BFA0915003DC1E1 /* Build configuration list for PBXNativeTarget "Assignment SolutionTests" */;
			buildPhases = (
				E76791DB2BFA0915003DC1E1 /* Sources */,
				E76791DC2BFA0915003DC1E1 /* Frameworks */,
				E76791DD2BFA0915003DC1E1 /* Resources */,
			);
			buildRules = (
			);
			dependencies = (
				E76791E12BFA0915003DC1E1 /* PBXTargetDependency */,
			);
			name = "Assignment SolutionTests";
			productName = "Assignment SolutionTests";
			productReference = E76791DF2BFA0915003DC1E1 /* Assignment SolutionTests.xctest */;
			productType = "com.apple.product-type.bundle.unit-test";
		};
		E76791E82BFA0915003DC1E1 /* Assignment SolutionUITests */ = {
			isa = PBXNativeTarget;
			buildConfigurationList = E76791F92BFA0915003DC1E1 /* Build configuration list for PBXNativeTarget "Assignment SolutionUITests" */;
			buildPhases = (
				E76791E52BFA0915003DC1E1 /* Sources */,
				E76791E62BFA0915003DC1E1 /* Frameworks */,
				E76791E72BFA0915003DC1E1 /* Resources */,
			);
			buildRules = (
			);
			dependencies = (
				E76791EB2BFA0915003DC1E1 /* PBXTargetDependency */,
			);
			name = "Assignment SolutionUITests";
			productName = "Assignment SolutionUITests";
			productReference = E76791E92BFA0915003DC1E1 /* Assignment SolutionUITests.xctest */;
			productType = "com.apple.product-type.bundle.ui-testing";
		};
/* End PBXNativeTarget section */

/* Begin PBXProject section */
		E76791C72BFA0913003DC1E1 /* Project object */ = {
			isa = PBXProject;
			attributes = {
				BuildIndependentTargetsInParallel = 1;
				LastSwiftUpdateCheck = 1420;
				LastUpgradeCheck = 1420;
				TargetAttributes = {
					E76791CE2BFA0913003DC1E1 = {
						CreatedOnToolsVersion = 14.2;
					};
					E76791DE2BFA0915003DC1E1 = {
						CreatedOnToolsVersion = 14.2;
						TestTargetID = E76791CE2BFA0913003DC1E1;
					};
					E76791E82BFA0915003DC1E1 = {
						CreatedOnToolsVersion = 14.2;
						TestTargetID = E76791CE2BFA0913003DC1E1;
					};
				};
			};
			buildConfigurationList = E76791CA2BFA0913003DC1E1 /* Build configuration list for PBXProject "Assignment Solution" */;
			compatibilityVersion = "Xcode 14.0";
			developmentRegion = en;
			hasScannedForEncodings = 0;
			knownRegions = (
				en,
				Base,
			);
			mainGroup = E76791C62BFA0913003DC1E1;
			productRefGroup = E76791D02BFA0913003DC1E1 /* Products */;
			projectDirPath = "";
			projectRoot = "";
			targets = (
				E76791CE2BFA0913003DC1E1 /* Assignment Solution */,
				E76791DE2BFA0915003DC1E1 /* Assignment SolutionTests */,
				E76791E82BFA0915003DC1E1 /* Assignment SolutionUITests */,
			);
		};
/* End PBXProject section */

/* Begin PBXResourcesBuildPhase section */
		E76791CD2BFA0913003DC1E1 /* Resources */ = {
			isa = PBXResourcesBuildPhase;
			buildActionMask = 2147483647;
			files = (
				E76791DA2BFA0915003DC1E1 /* Preview Assets.xcassets in Resources */,
				E76791D72BFA0915003DC1E1 /* Assets.xcassets in Resources */,
			);
			runOnlyForDeploymentPostprocessing = 0;
		};
		E76791DD2BFA0915003DC1E1 /* Resources */ = {
			isa = PBXResourcesBuildPhase;
			buildActionMask = 2147483647;
			files = (
			);
			runOnlyForDeploymentPostprocessing = 0;
		};
		E76791E72BFA0915003DC1E1 /* Resources */ = {
			isa = PBXResourcesBuildPhase;
			buildActionMask = 2147483647;
			files = (
			);
			runOnlyForDeploymentPostprocessing = 0;
		};
/* End PBXResourcesBuildPhase section */

/* Begin PBXSourcesBuildPhase section */
		E76791CB2BFA0913003DC1E1 /* Sources */ = {
			isa = PBXSourcesBuildPhase;
			buildActionMask = 2147483647;
			files = (
				E76792142BFA1A49003DC1E1 /* ImagePicker.swift in Sources */,
				E76792032BFA09D8003DC1E1 /* SignupView.swift in Sources */,
				E767920B2BFA1656003DC1E1 /* MainView.swift in Sources */,
				E76791FF2BFA0999003DC1E1 /* UserDefaults.swift in Sources */,
				E76792092BFA108A003DC1E1 /* KeychainHelper.swift in Sources */,
				E767920E2BFA19B0003DC1E1 /* Note.swift in Sources */,
				E76792122BFA1A36003DC1E1 /* AddNoteView.swift in Sources */,
				E76791D32BFA0913003DC1E1 /* Assignment_SolutionApp.swift in Sources */,
				E76792102BFA1A1A003DC1E1 /* NoteDetailView.swift in Sources */,
				E767921A2BFA8AC5003DC1E1 /* NoteListView.swift in Sources */,
				E767921C2BFA8D2F003DC1E1 /* CameraPicker.swift in Sources */,
				E76792012BFA09B4003DC1E1 /* LoginView.swift in Sources */,
				E76791FD2BFA0946003DC1E1 /* UserModel.swift in Sources */,
				E76792072BFA0ED6003DC1E1 /* EncryptionHelper.swift in Sources */,
			);
			runOnlyForDeploymentPostprocessing = 0;
		};
		E76791DB2BFA0915003DC1E1 /* Sources */ = {
			isa = PBXSourcesBuildPhase;
			buildActionMask = 2147483647;
			files = (
				E76791E42BFA0915003DC1E1 /* Assignment_SolutionTests.swift in Sources */,
			);
			runOnlyForDeploymentPostprocessing = 0;
		};
		E76791E52BFA0915003DC1E1 /* Sources */ = {
			isa = PBXSourcesBuildPhase;
			buildActionMask = 2147483647;
			files = (
				E76791F02BFA0915003DC1E1 /* Assignment_SolutionUITestsLaunchTests.swift in Sources */,
				E76791EE2BFA0915003DC1E1 /* Assignment_SolutionUITests.swift in Sources */,
			);
			runOnlyForDeploymentPostprocessing = 0;
		};
/* End PBXSourcesBuildPhase section */

/* Begin PBXTargetDependency section */
		E76791E12BFA0915003DC1E1 /* PBXTargetDependency */ = {
			isa = PBXTargetDependency;
			target = E76791CE2BFA0913003DC1E1 /* Assignment Solution */;
			targetProxy = E76791E02BFA0915003DC1E1 /* PBXContainerItemProxy */;
		};
		E76791EB2BFA0915003DC1E1 /* PBXTargetDependency */ = {
			isa = PBXTargetDependency;
			target = E76791CE2BFA0913003DC1E1 /* Assignment Solution */;
			targetProxy = E76791EA2BFA0915003DC1E1 /* PBXContainerItemProxy */;
		};
/* End PBXTargetDependency section */

/* Begin XCBuildConfiguration section */
		E76791F12BFA0915003DC1E1 /* Debug */ = {
			isa = XCBuildConfiguration;
			buildSettings = {
				ALWAYS_SEARCH_USER_PATHS = NO;
				CLANG_ANALYZER_NONNULL = YES;
				CLANG_ANALYZER_NUMBER_OBJECT_CONVERSION = YES_AGGRESSIVE;
				CLANG_CXX_LANGUAGE_STANDARD = "gnu++20";
				CLANG_ENABLE_MODULES = YES;
				CLANG_ENABLE_OBJC_ARC = YES;
				CLANG_ENABLE_OBJC_WEAK = YES;
				CLANG_WARN_BLOCK_CAPTURE_AUTORELEASING = YES;
				CLANG_WARN_BOOL_CONVERSION = YES;
				CLANG_WARN_COMMA = YES;
				CLANG_WARN_CONSTANT_CONVERSION = YES;
				CLANG_WARN_DEPRECATED_OBJC_IMPLEMENTATIONS = YES;
				CLANG_WARN_DIRECT_OBJC_ISA_USAGE = YES_ERROR;
				CLANG_WARN_DOCUMENTATION_COMMENTS = YES;
				CLANG_WARN_EMPTY_BODY = YES;
				CLANG_WARN_ENUM_CONVERSION = YES;
				CLANG_WARN_INFINITE_RECURSION = YES;
				CLANG_WARN_INT_CONVERSION = YES;
				CLANG_WARN_NON_LITERAL_NULL_CONVERSION = YES;
				CLANG_WARN_OBJC_IMPLICIT_RETAIN_SELF = YES;
				CLANG_WARN_OBJC_LITERAL_CONVERSION = YES;
				CLANG_WARN_OBJC_ROOT_CLASS = YES_ERROR;
				CLANG_WARN_QUOTED_INCLUDE_IN_FRAMEWORK_HEADER = YES;
				CLANG_WARN_RANGE_LOOP_ANALYSIS = YES;
				CLANG_WARN_STRICT_PROTOTYPES = YES;
				CLANG_WARN_SUSPICIOUS_MOVE = YES;
				CLANG_WARN_UNGUARDED_AVAILABILITY = YES_AGGRESSIVE;
				CLANG_WARN_UNREACHABLE_CODE = YES;
				CLANG_WARN__DUPLICATE_METHOD_MATCH = YES;
				COPY_PHASE_STRIP = NO;
				DEBUG_INFORMATION_FORMAT = dwarf;
				ENABLE_STRICT_OBJC_MSGSEND = YES;
				ENABLE_TESTABILITY = YES;
				GCC_C_LANGUAGE_STANDARD = gnu11;
				GCC_DYNAMIC_NO_PIC = NO;
				GCC_NO_COMMON_BLOCKS = YES;
				GCC_OPTIMIZATION_LEVEL = 0;
				GCC_PREPROCESSOR_DEFINITIONS = (
					"DEBUG=1",
					"$(inherited)",
				);
				GCC_WARN_64_TO_32_BIT_CONVERSION = YES;
				GCC_WARN_ABOUT_RETURN_TYPE = YES_ERROR;
				GCC_WARN_UNDECLARED_SELECTOR = YES;
				GCC_WARN_UNINITIALIZED_AUTOS = YES_AGGRESSIVE;
				GCC_WARN_UNUSED_FUNCTION = YES;
				GCC_WARN_UNUSED_VARIABLE = YES;
				IPHONEOS_DEPLOYMENT_TARGET = 14.0;
				MTL_ENABLE_DEBUG_INFO = INCLUDE_SOURCE;
				MTL_FAST_MATH = YES;
				ONLY_ACTIVE_ARCH = YES;
				SDKROOT = iphoneos;
				SWIFT_ACTIVE_COMPILATION_CONDITIONS = DEBUG;
				SWIFT_OPTIMIZATION_LEVEL = "-Onone";
			};
			name = Debug;
		};
		E76791F22BFA0915003DC1E1 /* Release */ = {
			isa = XCBuildConfiguration;
			buildSettings = {
				ALWAYS_SEARCH_USER_PATHS = NO;
				CLANG_ANALYZER_NONNULL = YES;
				CLANG_ANALYZER_NUMBER_OBJECT_CONVERSION = YES_AGGRESSIVE;
				CLANG_CXX_LANGUAGE_STANDARD = "gnu++20";
				CLANG_ENABLE_MODULES = YES;
				CLANG_ENABLE_OBJC_ARC = YES;
				CLANG_ENABLE_OBJC_WEAK = YES;
				CLANG_WARN_BLOCK_CAPTURE_AUTORELEASING = YES;
				CLANG_WARN_BOOL_CONVERSION = YES;
				CLANG_WARN_COMMA = YES;
				CLANG_WARN_CONSTANT_CONVERSION = YES;
				CLANG_WARN_DEPRECATED_OBJC_IMPLEMENTATIONS = YES;
				CLANG_WARN_DIRECT_OBJC_ISA_USAGE = YES_ERROR;
				CLANG_WARN_DOCUMENTATION_COMMENTS = YES;
				CLANG_WARN_EMPTY_BODY = YES;
				CLANG_WARN_ENUM_CONVERSION = YES;
				CLANG_WARN_INFINITE_RECURSION = YES;
				CLANG_WARN_INT_CONVERSION = YES;
				CLANG_WARN_NON_LITERAL_NULL_CONVERSION = YES;
				CLANG_WARN_OBJC_IMPLICIT_RETAIN_SELF = YES;
				CLANG_WARN_OBJC_LITERAL_CONVERSION = YES;
				CLANG_WARN_OBJC_ROOT_CLASS = YES_ERROR;
				CLANG_WARN_QUOTED_INCLUDE_IN_FRAMEWORK_HEADER = YES;
				CLANG_WARN_RANGE_LOOP_ANALYSIS = YES;
				CLANG_WARN_STRICT_PROTOTYPES = YES;
				CLANG_WARN_SUSPICIOUS_MOVE = YES;
				CLANG_WARN_UNGUARDED_AVAILABILITY = YES_AGGRESSIVE;
				CLANG_WARN_UNREACHABLE_CODE = YES;
				CLANG_WARN__DUPLICATE_METHOD_MATCH = YES;
				COPY_PHASE_STRIP = NO;
				DEBUG_INFORMATION_FORMAT = "dwarf-with-dsym";
				ENABLE_NS_ASSERTIONS = NO;
				ENABLE_STRICT_OBJC_MSGSEND = YES;
				GCC_C_LANGUAGE_STANDARD = gnu11;
				GCC_NO_COMMON_BLOCKS = YES;
				GCC_WARN_64_TO_32_BIT_CONVERSION = YES;
				GCC_WARN_ABOUT_RETURN_TYPE = YES_ERROR;
				GCC_WARN_UNDECLARED_SELECTOR = YES;
				GCC_WARN_UNINITIALIZED_AUTOS = YES_AGGRESSIVE;
				GCC_WARN_UNUSED_FUNCTION = YES;
				GCC_WARN_UNUSED_VARIABLE = YES;
				IPHONEOS_DEPLOYMENT_TARGET = 14.0;
				MTL_ENABLE_DEBUG_INFO = NO;
				MTL_FAST_MATH = YES;
				SDKROOT = iphoneos;
				SWIFT_COMPILATION_MODE = wholemodule;
				SWIFT_OPTIMIZATION_LEVEL = "-O";
				VALIDATE_PRODUCT = YES;
			};
			name = Release;
		};
		E76791F42BFA0915003DC1E1 /* Debug */ = {
			isa = XCBuildConfiguration;
			buildSettings = {
				ASSETCATALOG_COMPILER_APPICON_NAME = AppIcon;
				ASSETCATALOG_COMPILER_GLOBAL_ACCENT_COLOR_NAME = AccentColor;
				CODE_SIGN_STYLE = Automatic;
				CURRENT_PROJECT_VERSION = 1;
				DEVELOPMENT_ASSET_PATHS = "\"Assignment Solution/Preview Content\"";
				ENABLE_PREVIEWS = YES;
				GENERATE_INFOPLIST_FILE = YES;
				INFOPLIST_KEY_UIApplicationSceneManifest_Generation = YES;
				INFOPLIST_KEY_UIApplicationSupportsIndirectInputEvents = YES;
				INFOPLIST_KEY_UILaunchScreen_Generation = YES;
				INFOPLIST_KEY_UISupportedInterfaceOrientations_iPad = "UIInterfaceOrientationPortrait UIInterfaceOrientationPortraitUpsideDown UIInterfaceOrientationLandscapeLeft UIInterfaceOrientationLandscapeRight";
				INFOPLIST_KEY_UISupportedInterfaceOrientations_iPhone = "UIInterfaceOrientationPortrait UIInterfaceOrientationLandscapeLeft UIInterfaceOrientationLandscapeRight";
				IPHONEOS_DEPLOYMENT_TARGET = 14.0;
				LD_RUNPATH_SEARCH_PATHS = (
					"$(inherited)",
					"@executable_path/Frameworks",
				);
				MARKETING_VERSION = 1.0;
				PRODUCT_BUNDLE_IDENTIFIER = "aryan.Assignment-Solution";
				PRODUCT_NAME = "$(TARGET_NAME)";
				SWIFT_EMIT_LOC_STRINGS = YES;
				SWIFT_VERSION = 5.0;
				TARGETED_DEVICE_FAMILY = "1,2";
			};
			name = Debug;
		};
		E76791F52BFA0915003DC1E1 /* Release */ = {
			isa = XCBuildConfiguration;
			buildSettings = {
				ASSETCATALOG_COMPILER_APPICON_NAME = AppIcon;
				ASSETCATALOG_COMPILER_GLOBAL_ACCENT_COLOR_NAME = AccentColor;
				CODE_SIGN_STYLE = Automatic;
				CURRENT_PROJECT_VERSION = 1;
				DEVELOPMENT_ASSET_PATHS = "\"Assignment Solution/Preview Content\"";
				ENABLE_PREVIEWS = YES;
				GENERATE_INFOPLIST_FILE = YES;
				INFOPLIST_KEY_UIApplicationSceneManifest_Generation = YES;
				INFOPLIST_KEY_UIApplicationSupportsIndirectInputEvents = YES;
				INFOPLIST_KEY_UILaunchScreen_Generation = YES;
				INFOPLIST_KEY_UISupportedInterfaceOrientations_iPad = "UIInterfaceOrientationPortrait UIInterfaceOrientationPortraitUpsideDown UIInterfaceOrientationLandscapeLeft UIInterfaceOrientationLandscapeRight";
				INFOPLIST_KEY_UISupportedInterfaceOrientations_iPhone = "UIInterfaceOrientationPortrait UIInterfaceOrientationLandscapeLeft UIInterfaceOrientationLandscapeRight";
				IPHONEOS_DEPLOYMENT_TARGET = 14.0;
				LD_RUNPATH_SEARCH_PATHS = (
					"$(inherited)",
					"@executable_path/Frameworks",
				);
				MARKETING_VERSION = 1.0;
				PRODUCT_BUNDLE_IDENTIFIER = "aryan.Assignment-Solution";
				PRODUCT_NAME = "$(TARGET_NAME)";
				SWIFT_EMIT_LOC_STRINGS = YES;
				SWIFT_VERSION = 5.0;
				TARGETED_DEVICE_FAMILY = "1,2";
			};
			name = Release;
		};
		E76791F72BFA0915003DC1E1 /* Debug */ = {
			isa = XCBuildConfiguration;
			buildSettings = {
				ALWAYS_EMBED_SWIFT_STANDARD_LIBRARIES = YES;
				BUNDLE_LOADER = "$(TEST_HOST)";
				CODE_SIGN_STYLE = Automatic;
				CURRENT_PROJECT_VERSION = 1;
				GENERATE_INFOPLIST_FILE = YES;
				IPHONEOS_DEPLOYMENT_TARGET = 16.2;
				MARKETING_VERSION = 1.0;
				PRODUCT_BUNDLE_IDENTIFIER = "aryan.Assignment-SolutionTests";
				PRODUCT_NAME = "$(TARGET_NAME)";
				SWIFT_EMIT_LOC_STRINGS = NO;
				SWIFT_VERSION = 5.0;
				TARGETED_DEVICE_FAMILY = "1,2";
				TEST_HOST = "$(BUILT_PRODUCTS_DIR)/Assignment Solution.app/$(BUNDLE_EXECUTABLE_FOLDER_PATH)/Assignment Solution";
			};
			name = Debug;
		};
		E76791F82BFA0915003DC1E1 /* Release */ = {
			isa = XCBuildConfiguration;
			buildSettings = {
				ALWAYS_EMBED_SWIFT_STANDARD_LIBRARIES = YES;
				BUNDLE_LOADER = "$(TEST_HOST)";
				CODE_SIGN_STYLE = Automatic;
				CURRENT_PROJECT_VERSION = 1;
				GENERATE_INFOPLIST_FILE = YES;
				IPHONEOS_DEPLOYMENT_TARGET = 16.2;
				MARKETING_VERSION = 1.0;
				PRODUCT_BUNDLE_IDENTIFIER = "aryan.Assignment-SolutionTests";
				PRODUCT_NAME = "$(TARGET_NAME)";
				SWIFT_EMIT_LOC_STRINGS = NO;
				SWIFT_VERSION = 5.0;
				TARGETED_DEVICE_FAMILY = "1,2";
				TEST_HOST = "$(BUILT_PRODUCTS_DIR)/Assignment Solution.app/$(BUNDLE_EXECUTABLE_FOLDER_PATH)/Assignment Solution";
			};
			name = Release;
		};
		E76791FA2BFA0915003DC1E1 /* Debug */ = {
			isa = XCBuildConfiguration;
			buildSettings = {
				ALWAYS_EMBED_SWIFT_STANDARD_LIBRARIES = YES;
				CODE_SIGN_STYLE = Automatic;
				CURRENT_PROJECT_VERSION = 1;
				GENERATE_INFOPLIST_FILE = YES;
				MARKETING_VERSION = 1.0;
				PRODUCT_BUNDLE_IDENTIFIER = "aryan.Assignment-SolutionUITests";
				PRODUCT_NAME = "$(TARGET_NAME)";
				SWIFT_EMIT_LOC_STRINGS = NO;
				SWIFT_VERSION = 5.0;
				TARGETED_DEVICE_FAMILY = "1,2";
				TEST_TARGET_NAME = "Assignment Solution";
			};
			name = Debug;
		};
		E76791FB2BFA0915003DC1E1 /* Release */ = {
			isa = XCBuildConfiguration;
			buildSettings = {
				ALWAYS_EMBED_SWIFT_STANDARD_LIBRARIES = YES;
				CODE_SIGN_STYLE = Automatic;
				CURRENT_PROJECT_VERSION = 1;
				GENERATE_INFOPLIST_FILE = YES;
				MARKETING_VERSION = 1.0;
				PRODUCT_BUNDLE_IDENTIFIER = "aryan.Assignment-SolutionUITests";
				PRODUCT_NAME = "$(TARGET_NAME)";
				SWIFT_EMIT_LOC_STRINGS = NO;
				SWIFT_VERSION = 5.0;
				TARGETED_DEVICE_FAMILY = "1,2";
				TEST_TARGET_NAME = "Assignment Solution";
			};
			name = Release;
		};
/* End XCBuildConfiguration section */

/* Begin XCConfigurationList section */
		E76791CA2BFA0913003DC1E1 /* Build configuration list for PBXProject "Assignment Solution" */ = {
			isa = XCConfigurationList;
			buildConfigurations = (
				E76791F12BFA0915003DC1E1 /* Debug */,
				E76791F22BFA0915003DC1E1 /* Release */,
			);
			defaultConfigurationIsVisible = 0;
			defaultConfigurationName = Release;
		};
		E76791F32BFA0915003DC1E1 /* Build configuration list for PBXNativeTarget "Assignment Solution" */ = {
			isa = XCConfigurationList;
			buildConfigurations = (
				E76791F42BFA0915003DC1E1 /* Debug */,
				E76791F52BFA0915003DC1E1 /* Release */,
			);
			defaultConfigurationIsVisible = 0;
			defaultConfigurationName = Release;
		};
		E76791F62BFA0915003DC1E1 /* Build configuration list for PBXNativeTarget "Assignment SolutionTests" */ = {
			isa = XCConfigurationList;
			buildConfigurations = (
				E76791F72BFA0915003DC1E1 /* Debug */,
				E76791F82BFA0915003DC1E1 /* Release */,
			);
			defaultConfigurationIsVisible = 0;
			defaultConfigurationName = Release;
		};
		E76791F92BFA0915003DC1E1 /* Build configuration list for PBXNativeTarget "Assignment SolutionUITests" */ = {
			isa = XCConfigurationList;
			buildConfigurations = (
				E76791FA2BFA0915003DC1E1 /* Debug */,
				E76791FB2BFA0915003DC1E1 /* Release */,
			);
			defaultConfigurationIsVisible = 0;
			defaultConfigurationName = Release;
		};
/* End XCConfigurationList section */
	};
	rootObject = E76791C72BFA0913003DC1E1 /* Project object */;
}
